
Microsoft Visual Studio Solution File, Format Version 12.00
# Visual Studio Version 16
VisualStudioVersion = 16.0.29709.97
MinimumVisualStudioVersion = 10.0.40219.1
Project("{FAE04EC0-301F-11D3-BF4B-00C04F79EFBC}") = "ZaverecnyProjektIT4_2023", "ZaverecnyProjektIT4_2023.csproj", "{7677DCD6-BE3C-40A9-9CFF-84C9DBCA2FF0}"
EndProject
Global
	GlobalSection(SolutionConfigurationPlatforms) = preSolution
		Debug|Any CPU = Debug|Any CPU
		Release|Any CPU = Release|Any CPU
	EndGlobalSection
	GlobalSection(ProjectConfigurationPlatforms) = postSolution
		{7677DCD6-BE3C-40A9-9CFF-84C9DBCA2FF0}.Debug|Any CPU.ActiveCfg = Debug|Any CPU
		{7677DCD6-BE3C-40A9-9CFF-84C9DBCA2FF0}.Debug|Any CPU.Build.0 = Debug|Any CPU
		{7677DCD6-BE3C-40A9-9CFF-84C9DBCA2FF0}.Release|Any CPU.ActiveCfg = Release|Any CPU
		{7677DCD6-BE3C-40A9-9CFF-84C9DBCA2FF0}.Release|Any CPU.Build.0 = Release|Any CPU
	EndGlobalSection
	GlobalSection(SolutionProperties) = preSolution
		HideSolutionNode = FALSE
	EndGlobalSection
	GlobalSection(ExtensibilityGlobals) = postSolution
		SolutionGuid = {6B30ECFF-1157-41C3-ABF1-468AE39D8A5D}
	EndGlobalSection
EndGlobal
